
Microsoft Visual Studio Solution File, Format Version 12.00
# Visual Studio 15
VisualStudioVersion = 15.0.28010.2048
MinimumVisualStudioVersion = 10.0.40219.1
Project("{FAE04EC0-301F-11D3-BF4B-00C04F79EFBC}") = "GenericContext", "GenericContext\GenericContext.csproj", "{C893E579-F3EE-4EDC-BD29-F39F2A31435A}"
EndProject
Global
	GlobalSection(SolutionConfigurationPlatforms) = preSolution
		Debug|Any CPU = Debug|Any CPU
		Release|Any CPU = Release|Any CPU
	EndGlobalSection
	GlobalSection(ProjectConfigurationPlatforms) = postSolution
		{C893E579-F3EE-4EDC-BD29-F39F2A31435A}.Debug|Any CPU.ActiveCfg = Debug|Any CPU
		{C893E579-F3EE-4EDC-BD29-F39F2A31435A}.Debug|Any CPU.Build.0 = Debug|Any CPU
		{C893E579-F3EE-4EDC-BD29-F39F2A31435A}.Release|Any CPU.ActiveCfg = Release|Any CPU
		{C893E579-F3EE-4EDC-BD29-F39F2A31435A}.Release|Any CPU.Build.0 = Release|Any CPU
	EndGlobalSection
	GlobalSection(SolutionProperties) = preSolution
		HideSolutionNode = FALSE
	EndGlobalSection
	GlobalSection(ExtensibilityGlobals) = postSolution
		SolutionGuid = {FD57216C-5B3A-4672-9763-B874C4C4A97C}
	EndGlobalSection
EndGlobal
