
Microsoft Visual Studio Solution File, Format Version 12.00
# Visual Studio Version 16
VisualStudioVersion = 16.0.30114.105
MinimumVisualStudioVersion = 10.0.40219.1
Project("{9A19103F-16F7-4668-BE54-9A1E7A4F7556}") = "Norns.DestinyLoom", "src\Norns.DestinyLoom\Norns.DestinyLoom.csproj", "{C475DCEE-F194-4155-9BD0-2C85A4F6BE96}"
EndProject
Project("{9A19103F-16F7-4668-BE54-9A1E7A4F7556}") = "Norns.Fate", "src\Norns.Fate\Norns.Fate.csproj", "{E199A2BA-1819-42E8-9B4F-8C1325D9D07C}"
EndProject
Project("{9A19103F-16F7-4668-BE54-9A1E7A4F7556}") = "Norns.Adapters.DependencyInjection", "src\Norns.Adapters.DependencyInjection\Norns.Adapters.DependencyInjection.csproj", "{7E777F31-EE0B-46E3-A943-414B3E536ED8}"
EndProject
Project("{9A19103F-16F7-4668-BE54-9A1E7A4F7556}") = "Norns.Inception", "src\Norns.Inception\Norns.Inception.csproj", "{72F62765-81CC-4EF9-A2C7-4260FC6991D7}"
EndProject
Project("{2150E333-8FDC-42A3-9474-1A3956D46DE8}") = "src", "src", "{3FD69CA3-BAF7-4B7A-AAB2-B9853759F4D7}"
EndProject
Project("{2150E333-8FDC-42A3-9474-1A3956D46DE8}") = "test", "test", "{115CAC93-F1BB-40FA-A55E-D846ED028024}"
EndProject
Project("{9A19103F-16F7-4668-BE54-9A1E7A4F7556}") = "Norns.UT", "test\Norns.UT\Norns.UT.csproj", "{46FD3F64-9343-4D74-81FD-188334AD5C93}"
EndProject
Project("{9A19103F-16F7-4668-BE54-9A1E7A4F7556}") = "Norns.Benchmark", "test\Norns.Benchmark\Norns.Benchmark.csproj", "{BE1B8612-FA00-43EF-8935-3828997C5C0E}"
EndProject
Project("{9A19103F-16F7-4668-BE54-9A1E7A4F7556}") = "Norns.DestinyLoom.Test", "test\Norns.DestinyLoom.Test\Norns.DestinyLoom.Test\Norns.DestinyLoom.Test.csproj", "{89165FFC-9CB3-405E-9BD7-60B733C574C6}"
EndProject
Project("{FAE04EC0-301F-11D3-BF4B-00C04F79EFBC}") = "Norns.CompilerTest", "test\Norns.CompilerTest\Norns.CompilerTest.csproj", "{EAEB207F-F2E1-4363-BECA-9FE38349E961}"
EndProject
Global
	GlobalSection(SolutionConfigurationPlatforms) = preSolution
		Debug|Any CPU = Debug|Any CPU
		Release|Any CPU = Release|Any CPU
	EndGlobalSection
	GlobalSection(ProjectConfigurationPlatforms) = postSolution
		{C475DCEE-F194-4155-9BD0-2C85A4F6BE96}.Debug|Any CPU.ActiveCfg = Debug|Any CPU
		{C475DCEE-F194-4155-9BD0-2C85A4F6BE96}.Debug|Any CPU.Build.0 = Debug|Any CPU
		{C475DCEE-F194-4155-9BD0-2C85A4F6BE96}.Release|Any CPU.ActiveCfg = Release|Any CPU
		{C475DCEE-F194-4155-9BD0-2C85A4F6BE96}.Release|Any CPU.Build.0 = Release|Any CPU
		{E199A2BA-1819-42E8-9B4F-8C1325D9D07C}.Debug|Any CPU.ActiveCfg = Debug|Any CPU
		{E199A2BA-1819-42E8-9B4F-8C1325D9D07C}.Debug|Any CPU.Build.0 = Debug|Any CPU
		{E199A2BA-1819-42E8-9B4F-8C1325D9D07C}.Release|Any CPU.ActiveCfg = Release|Any CPU
		{E199A2BA-1819-42E8-9B4F-8C1325D9D07C}.Release|Any CPU.Build.0 = Release|Any CPU
		{7E777F31-EE0B-46E3-A943-414B3E536ED8}.Debug|Any CPU.ActiveCfg = Debug|Any CPU
		{7E777F31-EE0B-46E3-A943-414B3E536ED8}.Debug|Any CPU.Build.0 = Debug|Any CPU
		{7E777F31-EE0B-46E3-A943-414B3E536ED8}.Release|Any CPU.ActiveCfg = Release|Any CPU
		{7E777F31-EE0B-46E3-A943-414B3E536ED8}.Release|Any CPU.Build.0 = Release|Any CPU
		{72F62765-81CC-4EF9-A2C7-4260FC6991D7}.Debug|Any CPU.ActiveCfg = Debug|Any CPU
		{72F62765-81CC-4EF9-A2C7-4260FC6991D7}.Debug|Any CPU.Build.0 = Debug|Any CPU
		{72F62765-81CC-4EF9-A2C7-4260FC6991D7}.Release|Any CPU.ActiveCfg = Release|Any CPU
		{72F62765-81CC-4EF9-A2C7-4260FC6991D7}.Release|Any CPU.Build.0 = Release|Any CPU
		{46FD3F64-9343-4D74-81FD-188334AD5C93}.Debug|Any CPU.ActiveCfg = Debug|Any CPU
		{46FD3F64-9343-4D74-81FD-188334AD5C93}.Debug|Any CPU.Build.0 = Debug|Any CPU
		{46FD3F64-9343-4D74-81FD-188334AD5C93}.Release|Any CPU.ActiveCfg = Release|Any CPU
		{46FD3F64-9343-4D74-81FD-188334AD5C93}.Release|Any CPU.Build.0 = Release|Any CPU
		{BE1B8612-FA00-43EF-8935-3828997C5C0E}.Debug|Any CPU.ActiveCfg = Debug|Any CPU
		{BE1B8612-FA00-43EF-8935-3828997C5C0E}.Debug|Any CPU.Build.0 = Debug|Any CPU
		{BE1B8612-FA00-43EF-8935-3828997C5C0E}.Release|Any CPU.ActiveCfg = Release|Any CPU
		{BE1B8612-FA00-43EF-8935-3828997C5C0E}.Release|Any CPU.Build.0 = Release|Any CPU
		{89165FFC-9CB3-405E-9BD7-60B733C574C6}.Debug|Any CPU.ActiveCfg = Debug|Any CPU
		{89165FFC-9CB3-405E-9BD7-60B733C574C6}.Debug|Any CPU.Build.0 = Debug|Any CPU
		{89165FFC-9CB3-405E-9BD7-60B733C574C6}.Release|Any CPU.ActiveCfg = Release|Any CPU
		{89165FFC-9CB3-405E-9BD7-60B733C574C6}.Release|Any CPU.Build.0 = Release|Any CPU
		{EAEB207F-F2E1-4363-BECA-9FE38349E961}.Debug|Any CPU.ActiveCfg = Debug|Any CPU
		{EAEB207F-F2E1-4363-BECA-9FE38349E961}.Debug|Any CPU.Build.0 = Debug|Any CPU
		{EAEB207F-F2E1-4363-BECA-9FE38349E961}.Release|Any CPU.ActiveCfg = Release|Any CPU
		{EAEB207F-F2E1-4363-BECA-9FE38349E961}.Release|Any CPU.Build.0 = Release|Any CPU
	EndGlobalSection
	GlobalSection(SolutionProperties) = preSolution
		HideSolutionNode = FALSE
	EndGlobalSection
	GlobalSection(NestedProjects) = preSolution
		{C475DCEE-F194-4155-9BD0-2C85A4F6BE96} = {3FD69CA3-BAF7-4B7A-AAB2-B9853759F4D7}
		{E199A2BA-1819-42E8-9B4F-8C1325D9D07C} = {3FD69CA3-BAF7-4B7A-AAB2-B9853759F4D7}
		{7E777F31-EE0B-46E3-A943-414B3E536ED8} = {3FD69CA3-BAF7-4B7A-AAB2-B9853759F4D7}
		{72F62765-81CC-4EF9-A2C7-4260FC6991D7} = {3FD69CA3-BAF7-4B7A-AAB2-B9853759F4D7}
		{46FD3F64-9343-4D74-81FD-188334AD5C93} = {115CAC93-F1BB-40FA-A55E-D846ED028024}
		{BE1B8612-FA00-43EF-8935-3828997C5C0E} = {115CAC93-F1BB-40FA-A55E-D846ED028024}
		{89165FFC-9CB3-405E-9BD7-60B733C574C6} = {115CAC93-F1BB-40FA-A55E-D846ED028024}
		{EAEB207F-F2E1-4363-BECA-9FE38349E961} = {115CAC93-F1BB-40FA-A55E-D846ED028024}
	EndGlobalSection
	GlobalSection(ExtensibilityGlobals) = postSolution
		SolutionGuid = {C2BFA03B-F071-472F-95AD-C2E127881EDE}
	EndGlobalSection
EndGlobal
