
Microsoft Visual Studio Solution File, Format Version 12.00
# Visual Studio 15
VisualStudioVersion = 15.0.28010.2048
MinimumVisualStudioVersion = 10.0.40219.1
Project("{9A19103F-16F7-4668-BE54-9A1E7A4F7556}") = "TestMSBuild", "TestMSBuild.csproj", "{549FC687-F93F-4E3B-8312-2D8565AEF0FB}"
EndProject
Global
	GlobalSection(SolutionConfigurationPlatforms) = preSolution
		Debug|Any CPU = Debug|Any CPU
		Release|Any CPU = Release|Any CPU
	EndGlobalSection
	GlobalSection(ProjectConfigurationPlatforms) = postSolution
		{549FC687-F93F-4E3B-8312-2D8565AEF0FB}.Debug|Any CPU.ActiveCfg = Debug|Any CPU
		{549FC687-F93F-4E3B-8312-2D8565AEF0FB}.Debug|Any CPU.Build.0 = Debug|Any CPU
		{549FC687-F93F-4E3B-8312-2D8565AEF0FB}.Release|Any CPU.ActiveCfg = Release|Any CPU
		{549FC687-F93F-4E3B-8312-2D8565AEF0FB}.Release|Any CPU.Build.0 = Release|Any CPU
	EndGlobalSection
	GlobalSection(SolutionProperties) = preSolution
		HideSolutionNode = FALSE
	EndGlobalSection
	GlobalSection(ExtensibilityGlobals) = postSolution
		SolutionGuid = {F1CFE1D0-7DAD-42F0-96D4-A3755595658C}
	EndGlobalSection
EndGlobal
